
Microsoft Visual Studio Solution File, Format Version 12.00
# Visual Studio Version 16
VisualStudioVersion = 16.0.30104.148
MinimumVisualStudioVersion = 10.0.40219.1
Project("{FAE04EC0-301F-11D3-BF4B-00C04F79EFBC}") = "WebApiTest1", "WebApiTest1\WebApiTest1.csproj", "{246E67D1-78C3-4043-B136-CB7142C4AAC4}"
EndProject
Global
	GlobalSection(SolutionConfigurationPlatforms) = preSolution
		Debug|Any CPU = Debug|Any CPU
		Release|Any CPU = Release|Any CPU
	EndGlobalSection
	GlobalSection(ProjectConfigurationPlatforms) = postSolution
		{246E67D1-78C3-4043-B136-CB7142C4AAC4}.Debug|Any CPU.ActiveCfg = Debug|Any CPU
		{246E67D1-78C3-4043-B136-CB7142C4AAC4}.Debug|Any CPU.Build.0 = Debug|Any CPU
		{246E67D1-78C3-4043-B136-CB7142C4AAC4}.Release|Any CPU.ActiveCfg = Release|Any CPU
		{246E67D1-78C3-4043-B136-CB7142C4AAC4}.Release|Any CPU.Build.0 = Release|Any CPU
	EndGlobalSection
	GlobalSection(SolutionProperties) = preSolution
		HideSolutionNode = FALSE
	EndGlobalSection
	GlobalSection(ExtensibilityGlobals) = postSolution
		SolutionGuid = {F166F307-4993-4B45-ACA4-6A9ADF70ADEE}
	EndGlobalSection
EndGlobal
